
Microsoft Visual Studio Solution File, Format Version 12.00
# Visual Studio 14
VisualStudioVersion = 14.0.25420.1
MinimumVisualStudioVersion = 10.0.40219.1
Project("{FAE04EC0-301F-11D3-BF4B-00C04F79EFBC}") = "TestAddingSorting", "TestAddingSorting\TestAddingSorting.csproj", "{683E7A26-162C-4425-8EE6-7EB6AEC62FDF}"
EndProject
Project("{FAE04EC0-301F-11D3-BF4B-00C04F79EFBC}") = "Messages", "Messages\Messages.csproj", "{19AACDD6-5BFC-42DB-95A5-E77AE61130EA}"
EndProject
Project("{FAE04EC0-301F-11D3-BF4B-00C04F79EFBC}") = "MobilePhoneLibrary", "MobilePhoneLibrary\MobilePhoneLibrary.csproj", "{B2B23137-5DDE-47E3-B623-8C526664415D}"
EndProject
Project("{FAE04EC0-301F-11D3-BF4B-00C04F79EFBC}") = "SMSReceiverWFA", "SMSReceiverWFA\SMSReceiverWFA.csproj", "{4890EEAF-30A5-4F7A-AD28-9A0AE63E1FD6}"
EndProject
Project("{FAE04EC0-301F-11D3-BF4B-00C04F79EFBC}") = "lab6_EqualityAndComparison", "lab6_EqualityAndComparison\lab6_EqualityAndComparison.csproj", "{704EB8FD-0777-4E32-9A4C-520B069B275D}"
EndProject
Global
	GlobalSection(SolutionConfigurationPlatforms) = preSolution
		Debug|Any CPU = Debug|Any CPU
		Release|Any CPU = Release|Any CPU
	EndGlobalSection
	GlobalSection(ProjectConfigurationPlatforms) = postSolution
		{683E7A26-162C-4425-8EE6-7EB6AEC62FDF}.Debug|Any CPU.ActiveCfg = Debug|Any CPU
		{683E7A26-162C-4425-8EE6-7EB6AEC62FDF}.Debug|Any CPU.Build.0 = Debug|Any CPU
		{683E7A26-162C-4425-8EE6-7EB6AEC62FDF}.Release|Any CPU.ActiveCfg = Release|Any CPU
		{683E7A26-162C-4425-8EE6-7EB6AEC62FDF}.Release|Any CPU.Build.0 = Release|Any CPU
		{19AACDD6-5BFC-42DB-95A5-E77AE61130EA}.Debug|Any CPU.ActiveCfg = Debug|Any CPU
		{19AACDD6-5BFC-42DB-95A5-E77AE61130EA}.Debug|Any CPU.Build.0 = Debug|Any CPU
		{19AACDD6-5BFC-42DB-95A5-E77AE61130EA}.Release|Any CPU.ActiveCfg = Release|Any CPU
		{19AACDD6-5BFC-42DB-95A5-E77AE61130EA}.Release|Any CPU.Build.0 = Release|Any CPU
		{B2B23137-5DDE-47E3-B623-8C526664415D}.Debug|Any CPU.ActiveCfg = Debug|Any CPU
		{B2B23137-5DDE-47E3-B623-8C526664415D}.Debug|Any CPU.Build.0 = Debug|Any CPU
		{B2B23137-5DDE-47E3-B623-8C526664415D}.Release|Any CPU.ActiveCfg = Release|Any CPU
		{B2B23137-5DDE-47E3-B623-8C526664415D}.Release|Any CPU.Build.0 = Release|Any CPU
		{4890EEAF-30A5-4F7A-AD28-9A0AE63E1FD6}.Debug|Any CPU.ActiveCfg = Debug|Any CPU
		{4890EEAF-30A5-4F7A-AD28-9A0AE63E1FD6}.Debug|Any CPU.Build.0 = Debug|Any CPU
		{4890EEAF-30A5-4F7A-AD28-9A0AE63E1FD6}.Release|Any CPU.ActiveCfg = Release|Any CPU
		{4890EEAF-30A5-4F7A-AD28-9A0AE63E1FD6}.Release|Any CPU.Build.0 = Release|Any CPU
		{704EB8FD-0777-4E32-9A4C-520B069B275D}.Debug|Any CPU.ActiveCfg = Debug|Any CPU
		{704EB8FD-0777-4E32-9A4C-520B069B275D}.Debug|Any CPU.Build.0 = Debug|Any CPU
		{704EB8FD-0777-4E32-9A4C-520B069B275D}.Release|Any CPU.ActiveCfg = Release|Any CPU
		{704EB8FD-0777-4E32-9A4C-520B069B275D}.Release|Any CPU.Build.0 = Release|Any CPU
	EndGlobalSection
	GlobalSection(SolutionProperties) = preSolution
		HideSolutionNode = FALSE
	EndGlobalSection
EndGlobal
